<?xml version="1.0" encoding="utf-8"?>
<Project ToolsVersion="4.0" xmlns="http://schemas.microsoft.com/developer/msbuild/2003">
  <ItemGroup>
    <ClCompile Include="theoratest.cpp" />
    <ClCompile Include="theoraplay.c" />
    <ClCompile Include="theorarun.c" />
  </ItemGroup>
  <ItemGroup>
    <ClInclude Include="theoraplay.h" />
    <ClInclude Include="theorarun.h" />
    <ClInclude Include="shader.h" />
  </ItemGroup>
  <ItemGroup>
    <None Include="texture.vs" />
    <None Include="texture.frag" />
  </ItemGroup>
</Project>