<?xml version="1.0" encoding="utf-8"?>
<Project ToolsVersion="4.0" xmlns="http://schemas.microsoft.com/developer/msbuild/2003">
  <ItemGroup>
    <Filter Include="include">
      <UniqueIdentifier>{3233c5ee-1097-4d36-b12d-8fcd5f5520ec}</UniqueIdentifier>
    </Filter>
    <Filter Include="include\theora">
      <UniqueIdentifier>{58c3aa14-8b63-455a-aabc-26233463c0ac}</UniqueIdentifier>
    </Filter>
    <Filter Include="lib">
      <UniqueIdentifier>{d732d2ee-48f8-481a-8f85-2ecbd5055422}</UniqueIdentifier>
    </Filter>
    <Filter Include="lib\dec">
      <UniqueIdentifier>{ff6dd9d4-9ce9-4d5a-84b2-6f3dc83244ab}</UniqueIdentifier>
    </Filter>
    <Filter Include="lib\dec\x86_vc">
      <UniqueIdentifier>{a06a1f39-8881-4d17-b74e-c5626e4f7938}</UniqueIdentifier>
    </Filter>
  </ItemGroup>
  <ItemGroup>
    <ClInclude Include="..\..\..\include\theora\codec.h">
      <Filter>include\theora</Filter>
    </ClInclude>
    <ClInclude Include="..\..\..\include\theora\theora.h">
      <Filter>include\theora</Filter>
    </ClInclude>
    <ClInclude Include="..\..\..\include\theora\theoradec.h">
      <Filter>include\theora</Filter>
    </ClInclude>
    <ClInclude Include="..\..\..\lib\cpu.h">
      <Filter>lib</Filter>
    </ClInclude>
    <ClInclude Include="..\..\..\lib\internal.h">
      <Filter>lib</Filter>
    </ClInclude>
    <ClInclude Include="..\..\..\lib\apiwrapper.h">
      <Filter>lib\dec</Filter>
    </ClInclude>
    <ClInclude Include="..\..\..\lib\bitpack.h">
      <Filter>lib\dec</Filter>
    </ClInclude>
    <ClInclude Include="..\..\..\lib\dct.h">
      <Filter>lib\dec</Filter>
    </ClInclude>
    <ClInclude Include="..\..\..\lib\decint.h">
      <Filter>lib\dec</Filter>
    </ClInclude>
    <ClInclude Include="..\..\..\lib\dequant.h">
      <Filter>lib\dec</Filter>
    </ClInclude>
    <ClInclude Include="..\..\..\lib\huffdec.h">
      <Filter>lib\dec</Filter>
    </ClInclude>
    <ClInclude Include="..\..\..\lib\huffman.h">
      <Filter>lib\dec</Filter>
    </ClInclude>
    <ClInclude Include="..\..\..\lib\ocintrin.h">
      <Filter>lib\dec</Filter>
    </ClInclude>
    <ClInclude Include="..\..\..\lib\quant.h">
      <Filter>lib\dec</Filter>
    </ClInclude>
  </ItemGroup>
  <ItemGroup>
    <ClCompile Include="..\..\..\lib\cpu.c">
      <Filter>lib</Filter>
    </ClCompile>
    <ClCompile Include="..\..\..\lib\apiwrapper.c">
      <Filter>lib\dec</Filter>
    </ClCompile>
    <ClCompile Include="..\..\..\lib\bitpack.c">
      <Filter>lib\dec</Filter>
    </ClCompile>
    <ClCompile Include="..\..\..\lib\decapiwrapper.c">
      <Filter>lib\dec</Filter>
    </ClCompile>
    <ClCompile Include="..\..\..\lib\decinfo.c">
      <Filter>lib\dec</Filter>
    </ClCompile>
    <ClCompile Include="..\..\..\lib\decode.c">
      <Filter>lib\dec</Filter>
    </ClCompile>
    <ClCompile Include="..\..\..\lib\dequant.c">
      <Filter>lib\dec</Filter>
    </ClCompile>
    <ClCompile Include="..\..\..\lib\fragment.c">
      <Filter>lib\dec</Filter>
    </ClCompile>
    <ClCompile Include="..\..\..\lib\huffdec.c">
      <Filter>lib\dec</Filter>
    </ClCompile>
    <ClCompile Include="..\..\..\lib\idct.c">
      <Filter>lib\dec</Filter>
    </ClCompile>
    <ClCompile Include="..\..\..\lib\info.c">
      <Filter>lib\dec</Filter>
    </ClCompile>
    <ClCompile Include="..\..\..\lib\internal.c">
      <Filter>lib\dec</Filter>
    </ClCompile>
    <ClCompile Include="..\..\..\lib\quant.c">
      <Filter>lib\dec</Filter>
    </ClCompile>
    <ClCompile Include="..\..\..\lib\state.c">
      <Filter>lib\dec</Filter>
    </ClCompile>
    <ClCompile Include="..\..\..\lib\x86_vc\mmxfrag.c">
      <Filter>lib\dec\x86_vc</Filter>
    </ClCompile>
    <ClCompile Include="..\..\..\lib\x86_vc\mmxidct.c">
      <Filter>lib\dec\x86_vc</Filter>
    </ClCompile>
    <ClCompile Include="..\..\..\lib\x86_vc\mmxstate.c">
      <Filter>lib\dec\x86_vc</Filter>
    </ClCompile>
    <ClCompile Include="..\..\..\lib\x86_vc\x86state.c">
      <Filter>lib\dec\x86_vc</Filter>
    </ClCompile>
  </ItemGroup>
</Project>